<Solution>
  <Project Path="Loot.Application/Loot.Application.csproj" />
  <Project Path="Loot.Domain/Loot.Domain.csproj" />
  <Project Path="Loot.Host/Loot.Host.csproj" />
  <Project Path="Loot.Infrastructure/Loot.Infrastructure.csproj" />
  <Project Path="Loot.Shared/Loot.Shared.csproj" />
  <Project Path="Loot.WebApi/Loot.WebApi.csproj" />
  <Project Path="MigrationService/MigrationService.csproj" />
  <Project Path="ServiceDefaults/ServiceDefaults.csproj" />
</Solution>
